
Microsoft Visual Studio Solution File, Format Version 12.00
Project("{FAE04EC0-301F-11D3-BF4B-00C04F79EFBC}") = "ProductService.Api", "ProductService.Api\ProductService.Api.csproj", "{90C24321-082A-4D88-9F25-B37DE227C446}"
EndProject
Project("{FAE04EC0-301F-11D3-BF4B-00C04F79EFBC}") = "ProductService.Domain", "ProductService.Domain\ProductService.Domain.csproj", "{EAAE2292-B07C-4B0C-8A23-F815A581C5E0}"
EndProject
Project("{FAE04EC0-301F-11D3-BF4B-00C04F79EFBC}") = "ProductService.Infrastructure", "ProductService.Infrastructure\ProductService.Infrastructure.csproj", "{FA11DB82-D8B6-4720-846D-4C44DE83A1F1}"
EndProject
Project("{FAE04EC0-301F-11D3-BF4B-00C04F79EFBC}") = "ProductService.Application", "ProductService.Application\ProductService.Application.csproj", "{5D221A84-3BE1-4D0A-BE10-5F6C6E8411D0}"
EndProject
Project("{FAE04EC0-301F-11D3-BF4B-00C04F79EFBC}") = "Contracts", "..\..\shared\Contracts\Contracts.csproj", "{2468312A-E16A-4A87-A10E-426EBD11AAA8}"
EndProject
Project("{FAE04EC0-301F-11D3-BF4B-00C04F79EFBC}") = "ProductService.Tests.Unit", "..\..\tests\ProductService.Tests.Unit\ProductService.Tests.Unit.csproj", "{CCE519F7-3735-4035-A123-DBD351D7EABB}"
EndProject
Global
	GlobalSection(SolutionConfigurationPlatforms) = preSolution
		Debug|Any CPU = Debug|Any CPU
		Debug|x64 = Debug|x64
		Debug|x86 = Debug|x86
		Release|Any CPU = Release|Any CPU
		Release|x64 = Release|x64
		Release|x86 = Release|x86
	EndGlobalSection
	GlobalSection(ProjectConfigurationPlatforms) = postSolution
		{90C24321-082A-4D88-9F25-B37DE227C446}.Debug|Any CPU.ActiveCfg = Debug|Any CPU
		{90C24321-082A-4D88-9F25-B37DE227C446}.Debug|Any CPU.Build.0 = Debug|Any CPU
		{90C24321-082A-4D88-9F25-B37DE227C446}.Debug|x64.ActiveCfg = Debug|Any CPU
		{90C24321-082A-4D88-9F25-B37DE227C446}.Debug|x64.Build.0 = Debug|Any CPU
		{90C24321-082A-4D88-9F25-B37DE227C446}.Debug|x86.ActiveCfg = Debug|Any CPU
		{90C24321-082A-4D88-9F25-B37DE227C446}.Debug|x86.Build.0 = Debug|Any CPU
		{90C24321-082A-4D88-9F25-B37DE227C446}.Release|Any CPU.ActiveCfg = Release|Any CPU
		{90C24321-082A-4D88-9F25-B37DE227C446}.Release|Any CPU.Build.0 = Release|Any CPU
		{90C24321-082A-4D88-9F25-B37DE227C446}.Release|x64.ActiveCfg = Release|Any CPU
		{90C24321-082A-4D88-9F25-B37DE227C446}.Release|x64.Build.0 = Release|Any CPU
		{90C24321-082A-4D88-9F25-B37DE227C446}.Release|x86.ActiveCfg = Release|Any CPU
		{90C24321-082A-4D88-9F25-B37DE227C446}.Release|x86.Build.0 = Release|Any CPU
		{EAAE2292-B07C-4B0C-8A23-F815A581C5E0}.Debug|Any CPU.ActiveCfg = Debug|Any CPU
		{EAAE2292-B07C-4B0C-8A23-F815A581C5E0}.Debug|Any CPU.Build.0 = Debug|Any CPU
		{EAAE2292-B07C-4B0C-8A23-F815A581C5E0}.Debug|x64.ActiveCfg = Debug|Any CPU
		{EAAE2292-B07C-4B0C-8A23-F815A581C5E0}.Debug|x64.Build.0 = Debug|Any CPU
		{EAAE2292-B07C-4B0C-8A23-F815A581C5E0}.Debug|x86.ActiveCfg = Debug|Any CPU
		{EAAE2292-B07C-4B0C-8A23-F815A581C5E0}.Debug|x86.Build.0 = Debug|Any CPU
		{EAAE2292-B07C-4B0C-8A23-F815A581C5E0}.Release|Any CPU.ActiveCfg = Release|Any CPU
		{EAAE2292-B07C-4B0C-8A23-F815A581C5E0}.Release|Any CPU.Build.0 = Release|Any CPU
		{EAAE2292-B07C-4B0C-8A23-F815A581C5E0}.Release|x64.ActiveCfg = Release|Any CPU
		{EAAE2292-B07C-4B0C-8A23-F815A581C5E0}.Release|x64.Build.0 = Release|Any CPU
		{EAAE2292-B07C-4B0C-8A23-F815A581C5E0}.Release|x86.ActiveCfg = Release|Any CPU
		{EAAE2292-B07C-4B0C-8A23-F815A581C5E0}.Release|x86.Build.0 = Release|Any CPU
		{FA11DB82-D8B6-4720-846D-4C44DE83A1F1}.Debug|Any CPU.ActiveCfg = Debug|Any CPU
		{FA11DB82-D8B6-4720-846D-4C44DE83A1F1}.Debug|Any CPU.Build.0 = Debug|Any CPU
		{FA11DB82-D8B6-4720-846D-4C44DE83A1F1}.Debug|x64.ActiveCfg = Debug|Any CPU
		{FA11DB82-D8B6-4720-846D-4C44DE83A1F1}.Debug|x64.Build.0 = Debug|Any CPU
		{FA11DB82-D8B6-4720-846D-4C44DE83A1F1}.Debug|x86.ActiveCfg = Debug|Any CPU
		{FA11DB82-D8B6-4720-846D-4C44DE83A1F1}.Debug|x86.Build.0 = Debug|Any CPU
		{FA11DB82-D8B6-4720-846D-4C44DE83A1F1}.Release|Any CPU.ActiveCfg = Release|Any CPU
		{FA11DB82-D8B6-4720-846D-4C44DE83A1F1}.Release|Any CPU.Build.0 = Release|Any CPU
		{FA11DB82-D8B6-4720-846D-4C44DE83A1F1}.Release|x64.ActiveCfg = Release|Any CPU
		{FA11DB82-D8B6-4720-846D-4C44DE83A1F1}.Release|x64.Build.0 = Release|Any CPU
		{FA11DB82-D8B6-4720-846D-4C44DE83A1F1}.Release|x86.ActiveCfg = Release|Any CPU
		{FA11DB82-D8B6-4720-846D-4C44DE83A1F1}.Release|x86.Build.0 = Release|Any CPU
		{5D221A84-3BE1-4D0A-BE10-5F6C6E8411D0}.Debug|Any CPU.ActiveCfg = Debug|Any CPU
		{5D221A84-3BE1-4D0A-BE10-5F6C6E8411D0}.Debug|Any CPU.Build.0 = Debug|Any CPU
		{5D221A84-3BE1-4D0A-BE10-5F6C6E8411D0}.Debug|x64.ActiveCfg = Debug|Any CPU
		{5D221A84-3BE1-4D0A-BE10-5F6C6E8411D0}.Debug|x64.Build.0 = Debug|Any CPU
		{5D221A84-3BE1-4D0A-BE10-5F6C6E8411D0}.Debug|x86.ActiveCfg = Debug|Any CPU
		{5D221A84-3BE1-4D0A-BE10-5F6C6E8411D0}.Debug|x86.Build.0 = Debug|Any CPU
		{5D221A84-3BE1-4D0A-BE10-5F6C6E8411D0}.Release|Any CPU.ActiveCfg = Release|Any CPU
		{5D221A84-3BE1-4D0A-BE10-5F6C6E8411D0}.Release|Any CPU.Build.0 = Release|Any CPU
		{5D221A84-3BE1-4D0A-BE10-5F6C6E8411D0}.Release|x64.ActiveCfg = Release|Any CPU
		{5D221A84-3BE1-4D0A-BE10-5F6C6E8411D0}.Release|x64.Build.0 = Release|Any CPU
		{5D221A84-3BE1-4D0A-BE10-5F6C6E8411D0}.Release|x86.ActiveCfg = Release|Any CPU
		{5D221A84-3BE1-4D0A-BE10-5F6C6E8411D0}.Release|x86.Build.0 = Release|Any CPU
		{2468312A-E16A-4A87-A10E-426EBD11AAA8}.Debug|Any CPU.ActiveCfg = Debug|Any CPU
		{2468312A-E16A-4A87-A10E-426EBD11AAA8}.Debug|Any CPU.Build.0 = Debug|Any CPU
		{2468312A-E16A-4A87-A10E-426EBD11AAA8}.Debug|x64.ActiveCfg = Debug|Any CPU
		{2468312A-E16A-4A87-A10E-426EBD11AAA8}.Debug|x64.Build.0 = Debug|Any CPU
		{2468312A-E16A-4A87-A10E-426EBD11AAA8}.Debug|x86.ActiveCfg = Debug|Any CPU
		{2468312A-E16A-4A87-A10E-426EBD11AAA8}.Debug|x86.Build.0 = Debug|Any CPU
		{2468312A-E16A-4A87-A10E-426EBD11AAA8}.Release|Any CPU.ActiveCfg = Release|Any CPU
		{2468312A-E16A-4A87-A10E-426EBD11AAA8}.Release|Any CPU.Build.0 = Release|Any CPU
		{2468312A-E16A-4A87-A10E-426EBD11AAA8}.Release|x64.ActiveCfg = Release|Any CPU
		{2468312A-E16A-4A87-A10E-426EBD11AAA8}.Release|x64.Build.0 = Release|Any CPU
		{2468312A-E16A-4A87-A10E-426EBD11AAA8}.Release|x86.ActiveCfg = Release|Any CPU
		{2468312A-E16A-4A87-A10E-426EBD11AAA8}.Release|x86.Build.0 = Release|Any CPU
		{CCE519F7-3735-4035-A123-DBD351D7EABB}.Debug|Any CPU.ActiveCfg = Debug|Any CPU
		{CCE519F7-3735-4035-A123-DBD351D7EABB}.Debug|Any CPU.Build.0 = Debug|Any CPU
		{CCE519F7-3735-4035-A123-DBD351D7EABB}.Debug|x64.ActiveCfg = Debug|Any CPU
		{CCE519F7-3735-4035-A123-DBD351D7EABB}.Debug|x64.Build.0 = Debug|Any CPU
		{CCE519F7-3735-4035-A123-DBD351D7EABB}.Debug|x86.ActiveCfg = Debug|Any CPU
		{CCE519F7-3735-4035-A123-DBD351D7EABB}.Debug|x86.Build.0 = Debug|Any CPU
		{CCE519F7-3735-4035-A123-DBD351D7EABB}.Release|Any CPU.ActiveCfg = Release|Any CPU
		{CCE519F7-3735-4035-A123-DBD351D7EABB}.Release|Any CPU.Build.0 = Release|Any CPU
		{CCE519F7-3735-4035-A123-DBD351D7EABB}.Release|x64.ActiveCfg = Release|Any CPU
		{CCE519F7-3735-4035-A123-DBD351D7EABB}.Release|x64.Build.0 = Release|Any CPU
		{CCE519F7-3735-4035-A123-DBD351D7EABB}.Release|x86.ActiveCfg = Release|Any CPU
		{CCE519F7-3735-4035-A123-DBD351D7EABB}.Release|x86.Build.0 = Release|Any CPU
		{40B62827-E3BD-4D5D-BEDD-0FDFBDEB9D61}.Debug|Any CPU.ActiveCfg = Debug|Any CPU
		{40B62827-E3BD-4D5D-BEDD-0FDFBDEB9D61}.Debug|Any CPU.Build.0 = Debug|Any CPU
		{40B62827-E3BD-4D5D-BEDD-0FDFBDEB9D61}.Debug|x64.ActiveCfg = Debug|Any CPU
		{40B62827-E3BD-4D5D-BEDD-0FDFBDEB9D61}.Debug|x64.Build.0 = Debug|Any CPU
		{40B62827-E3BD-4D5D-BEDD-0FDFBDEB9D61}.Debug|x86.ActiveCfg = Debug|Any CPU
		{40B62827-E3BD-4D5D-BEDD-0FDFBDEB9D61}.Debug|x86.Build.0 = Debug|Any CPU
		{40B62827-E3BD-4D5D-BEDD-0FDFBDEB9D61}.Release|Any CPU.ActiveCfg = Release|Any CPU
		{40B62827-E3BD-4D5D-BEDD-0FDFBDEB9D61}.Release|Any CPU.Build.0 = Release|Any CPU
		{40B62827-E3BD-4D5D-BEDD-0FDFBDEB9D61}.Release|x64.ActiveCfg = Release|Any CPU
		{40B62827-E3BD-4D5D-BEDD-0FDFBDEB9D61}.Release|x64.Build.0 = Release|Any CPU
		{40B62827-E3BD-4D5D-BEDD-0FDFBDEB9D61}.Release|x86.ActiveCfg = Release|Any CPU
		{40B62827-E3BD-4D5D-BEDD-0FDFBDEB9D61}.Release|x86.Build.0 = Release|Any CPU
	EndGlobalSection
	GlobalSection(SolutionProperties) = preSolution
		HideSolutionNode = FALSE
	EndGlobalSection
EndGlobal
